// !$*UTF8*$!
{
	archiveVersion = 1;
	classes = {
	};
	objectVersion = 50;
	objects = {

/* Begin PBXBuildFile section */
		D02D3F9426C64FC2003EBF79 /* TransactionDetailsViewController.swift in Sources */ = {isa = PBXBuildFile; fileRef = D02D3F9326C64FC2003EBF79 /* TransactionDetailsViewController.swift */; };
		D02D3F9826C657B8003EBF79 /* UIImageView+Extensions.swift in Sources */ = {isa = PBXBuildFile; fileRef = D02D3F9726C657B8003EBF79 /* UIImageView+Extensions.swift */; };
		D02D3F9A26C663BB003EBF79 /* SortHeaderView.swift in Sources */ = {isa = PBXBuildFile; fileRef = D02D3F9926C663BB003EBF79 /* SortHeaderView.swift */; };
		D02D3F9E26C73EEF003EBF79 /* UITextView+Extensions.swift in Sources */ = {isa = PBXBuildFile; fileRef = D02D3F9D26C73EEF003EBF79 /* UITextView+Extensions.swift */; };
		D02D3FA026C74D29003EBF79 /* Theme.swift in Sources */ = {isa = PBXBuildFile; fileRef = D02D3F9F26C74D29003EBF79 /* Theme.swift */; };
		D0388B3526C779A200DA2DDC /* MemoTableViewCell.swift in Sources */ = {isa = PBXBuildFile; fileRef = D0388B3426C779A200DA2DDC /* MemoTableViewCell.swift */; };
		D0388B3726C779DC00DA2DDC /* ImageTableViewCell.swift in Sources */ = {isa = PBXBuildFile; fileRef = D0388B3626C779DC00DA2DDC /* ImageTableViewCell.swift */; };
		D0388B3926C77A2500DA2DDC /* DateUtils.swift in Sources */ = {isa = PBXBuildFile; fileRef = D0388B3826C77A2500DA2DDC /* DateUtils.swift */; };
		D0388B3B26C77D6800DA2DDC /* CurrencyUtils.swift in Sources */ = {isa = PBXBuildFile; fileRef = D0388B3A26C77D6800DA2DDC /* CurrencyUtils.swift */; };
		D0388B3E26C84F8400DA2DDC /* Colors.xcassets in Resources */ = {isa = PBXBuildFile; fileRef = D0388B3D26C84F8400DA2DDC /* Colors.xcassets */; };
		D0388B4026C860C600DA2DDC /* Memo.swift in Sources */ = {isa = PBXBuildFile; fileRef = D0388B3F26C860C500DA2DDC /* Memo.swift */; };
		D0A3B26E26C6218200AD30C0 /* AppDelegate.swift in Sources */ = {isa = PBXBuildFile; fileRef = D0A3B26D26C6218200AD30C0 /* AppDelegate.swift */; };
		D0A3B27026C6218200AD30C0 /* SceneDelegate.swift in Sources */ = {isa = PBXBuildFile; fileRef = D0A3B26F26C6218200AD30C0 /* SceneDelegate.swift */; };
		D0A3B27726C6218300AD30C0 /* Assets.xcassets in Resources */ = {isa = PBXBuildFile; fileRef = D0A3B27626C6218300AD30C0 /* Assets.xcassets */; };
		D0A3B27A26C6218300AD30C0 /* LaunchScreen.storyboard in Resources */ = {isa = PBXBuildFile; fileRef = D0A3B27826C6218300AD30C0 /* LaunchScreen.storyboard */; };
		D0A3B28526C6218300AD30C0 /* FinanceListTests.swift in Sources */ = {isa = PBXBuildFile; fileRef = D0A3B28426C6218300AD30C0 /* FinanceListTests.swift */; };
		D0A3B29026C6218300AD30C0 /* FinanceListUITests.swift in Sources */ = {isa = PBXBuildFile; fileRef = D0A3B28F26C6218300AD30C0 /* FinanceListUITests.swift */; };
		D0A3B29E26C6233300AD30C0 /* TransactionListViewController.swift in Sources */ = {isa = PBXBuildFile; fileRef = D0A3B29D26C6233300AD30C0 /* TransactionListViewController.swift */; };
		D0A3B2A026C626D300AD30C0 /* Transaction.swift in Sources */ = {isa = PBXBuildFile; fileRef = D0A3B29F26C626D300AD30C0 /* Transaction.swift */; };
		D0A3B2A526C6284300AD30C0 /* DataRequestManager.swift in Sources */ = {isa = PBXBuildFile; fileRef = D0A3B2A426C6284300AD30C0 /* DataRequestManager.swift */; };
		D0A3B2A726C62A5A00AD30C0 /* TransactionTableViewCell.swift in Sources */ = {isa = PBXBuildFile; fileRef = D0A3B2A626C62A5A00AD30C0 /* TransactionTableViewCell.swift */; };
		D0A3B2A926C62E9500AD30C0 /* String+Extensions.swift in Sources */ = {isa = PBXBuildFile; fileRef = D0A3B2A826C62E9500AD30C0 /* String+Extensions.swift */; };
/* End PBXBuildFile section */

/* Begin PBXContainerItemProxy section */
		D0A3B28126C6218300AD30C0 /* PBXContainerItemProxy */ = {
			isa = PBXContainerItemProxy;
			containerPortal = D0A3B26226C6218200AD30C0 /* Project object */;
			proxyType = 1;
			remoteGlobalIDString = D0A3B26926C6218200AD30C0;
			remoteInfo = FinanceList;
		};
		D0A3B28C26C6218300AD30C0 /* PBXContainerItemProxy */ = {
			isa = PBXContainerItemProxy;
			containerPortal = D0A3B26226C6218200AD30C0 /* Project object */;
			proxyType = 1;
			remoteGlobalIDString = D0A3B26926C6218200AD30C0;
			remoteInfo = FinanceList;
		};
/* End PBXContainerItemProxy section */

/* Begin PBXFileReference section */
		D02D3F9326C64FC2003EBF79 /* TransactionDetailsViewController.swift */ = {isa = PBXFileReference; lastKnownFileType = sourcecode.swift; path = TransactionDetailsViewController.swift; sourceTree = "<group>"; };
		D02D3F9726C657B8003EBF79 /* UIImageView+Extensions.swift */ = {isa = PBXFileReference; lastKnownFileType = sourcecode.swift; path = "UIImageView+Extensions.swift"; sourceTree = "<group>"; };
		D02D3F9926C663BB003EBF79 /* SortHeaderView.swift */ = {isa = PBXFileReference; lastKnownFileType = sourcecode.swift; path = SortHeaderView.swift; sourceTree = "<group>"; };
		D02D3F9D26C73EEF003EBF79 /* UITextView+Extensions.swift */ = {isa = PBXFileReference; lastKnownFileType = sourcecode.swift; path = "UITextView+Extensions.swift"; sourceTree = "<group>"; };
		D02D3F9F26C74D29003EBF79 /* Theme.swift */ = {isa = PBXFileReference; lastKnownFileType = sourcecode.swift; path = Theme.swift; sourceTree = "<group>"; };
		D0388B3426C779A200DA2DDC /* MemoTableViewCell.swift */ = {isa = PBXFileReference; lastKnownFileType = sourcecode.swift; path = MemoTableViewCell.swift; sourceTree = "<group>"; };
		D0388B3626C779DC00DA2DDC /* ImageTableViewCell.swift */ = {isa = PBXFileReference; lastKnownFileType = sourcecode.swift; path = ImageTableViewCell.swift; sourceTree = "<group>"; };
		D0388B3826C77A2500DA2DDC /* DateUtils.swift */ = {isa = PBXFileReference; lastKnownFileType = sourcecode.swift; path = DateUtils.swift; sourceTree = "<group>"; };
		D0388B3A26C77D6800DA2DDC /* CurrencyUtils.swift */ = {isa = PBXFileReference; lastKnownFileType = sourcecode.swift; path = CurrencyUtils.swift; sourceTree = "<group>"; };
		D0388B3D26C84F8400DA2DDC /* Colors.xcassets */ = {isa = PBXFileReference; lastKnownFileType = folder.assetcatalog; path = Colors.xcassets; sourceTree = "<group>"; };
		D0388B3F26C860C500DA2DDC /* Memo.swift */ = {isa = PBXFileReference; lastKnownFileType = sourcecode.swift; path = Memo.swift; sourceTree = "<group>"; };
		D0A3B26A26C6218200AD30C0 /* FinanceList.app */ = {isa = PBXFileReference; explicitFileType = wrapper.application; includeInIndex = 0; path = FinanceList.app; sourceTree = BUILT_PRODUCTS_DIR; };
		D0A3B26D26C6218200AD30C0 /* AppDelegate.swift */ = {isa = PBXFileReference; lastKnownFileType = sourcecode.swift; path = AppDelegate.swift; sourceTree = "<group>"; };
		D0A3B26F26C6218200AD30C0 /* SceneDelegate.swift */ = {isa = PBXFileReference; lastKnownFileType = sourcecode.swift; path = SceneDelegate.swift; sourceTree = "<group>"; };
		D0A3B27626C6218300AD30C0 /* Assets.xcassets */ = {isa = PBXFileReference; lastKnownFileType = folder.assetcatalog; path = Assets.xcassets; sourceTree = "<group>"; };
		D0A3B27926C6218300AD30C0 /* Base */ = {isa = PBXFileReference; lastKnownFileType = file.storyboard; name = Base; path = Base.lproj/LaunchScreen.storyboard; sourceTree = "<group>"; };
		D0A3B27B26C6218300AD30C0 /* Info.plist */ = {isa = PBXFileReference; lastKnownFileType = text.plist.xml; path = Info.plist; sourceTree = "<group>"; };
		D0A3B28026C6218300AD30C0 /* FinanceListTests.xctest */ = {isa = PBXFileReference; explicitFileType = wrapper.cfbundle; includeInIndex = 0; path = FinanceListTests.xctest; sourceTree = BUILT_PRODUCTS_DIR; };
		D0A3B28426C6218300AD30C0 /* FinanceListTests.swift */ = {isa = PBXFileReference; lastKnownFileType = sourcecode.swift; path = FinanceListTests.swift; sourceTree = "<group>"; };
		D0A3B28626C6218300AD30C0 /* Info.plist */ = {isa = PBXFileReference; lastKnownFileType = text.plist.xml; path = Info.plist; sourceTree = "<group>"; };
		D0A3B28B26C6218300AD30C0 /* FinanceListUITests.xctest */ = {isa = PBXFileReference; explicitFileType = wrapper.cfbundle; includeInIndex = 0; path = FinanceListUITests.xctest; sourceTree = BUILT_PRODUCTS_DIR; };
		D0A3B28F26C6218300AD30C0 /* FinanceListUITests.swift */ = {isa = PBXFileReference; lastKnownFileType = sourcecode.swift; path = FinanceListUITests.swift; sourceTree = "<group>"; };
		D0A3B29126C6218300AD30C0 /* Info.plist */ = {isa = PBXFileReference; lastKnownFileType = text.plist.xml; path = Info.plist; sourceTree = "<group>"; };
		D0A3B29D26C6233300AD30C0 /* TransactionListViewController.swift */ = {isa = PBXFileReference; lastKnownFileType = sourcecode.swift; path = TransactionListViewController.swift; sourceTree = "<group>"; };
		D0A3B29F26C626D300AD30C0 /* Transaction.swift */ = {isa = PBXFileReference; lastKnownFileType = sourcecode.swift; path = Transaction.swift; sourceTree = "<group>"; };
		D0A3B2A426C6284300AD30C0 /* DataRequestManager.swift */ = {isa = PBXFileReference; lastKnownFileType = sourcecode.swift; path = DataRequestManager.swift; sourceTree = "<group>"; };
		D0A3B2A626C62A5A00AD30C0 /* TransactionTableViewCell.swift */ = {isa = PBXFileReference; lastKnownFileType = sourcecode.swift; path = TransactionTableViewCell.swift; sourceTree = "<group>"; };
		D0A3B2A826C62E9500AD30C0 /* String+Extensions.swift */ = {isa = PBXFileReference; lastKnownFileType = sourcecode.swift; path = "String+Extensions.swift"; sourceTree = "<group>"; };
/* End PBXFileReference section */

/* Begin PBXFrameworksBuildPhase section */
		D0A3B26726C6218200AD30C0 /* Frameworks */ = {
			isa = PBXFrameworksBuildPhase;
			buildActionMask = 2147483647;
			files = (
			);
			runOnlyForDeploymentPostprocessing = 0;
		};
		D0A3B27D26C6218300AD30C0 /* Frameworks */ = {
			isa = PBXFrameworksBuildPhase;
			buildActionMask = 2147483647;
			files = (
			);
			runOnlyForDeploymentPostprocessing = 0;
		};
		D0A3B28826C6218300AD30C0 /* Frameworks */ = {
			isa = PBXFrameworksBuildPhase;
			buildActionMask = 2147483647;
			files = (
			);
			runOnlyForDeploymentPostprocessing = 0;
		};
/* End PBXFrameworksBuildPhase section */

/* Begin PBXGroup section */
		D0388B3C26C84EC300DA2DDC /* Extensions */ = {
			isa = PBXGroup;
			children = (
				D0A3B2A826C62E9500AD30C0 /* String+Extensions.swift */,
				D02D3F9726C657B8003EBF79 /* UIImageView+Extensions.swift */,
				D02D3F9D26C73EEF003EBF79 /* UITextView+Extensions.swift */,
			);
			path = Extensions;
			sourceTree = "<group>";
		};
		D0A3B26126C6218200AD30C0 = {
			isa = PBXGroup;
			children = (
				D0A3B26C26C6218200AD30C0 /* FinanceList */,
				D0A3B28326C6218300AD30C0 /* FinanceListTests */,
				D0A3B28E26C6218300AD30C0 /* FinanceListUITests */,
				D0A3B26B26C6218200AD30C0 /* Products */,
			);
			sourceTree = "<group>";
		};
		D0A3B26B26C6218200AD30C0 /* Products */ = {
			isa = PBXGroup;
			children = (
				D0A3B26A26C6218200AD30C0 /* FinanceList.app */,
				D0A3B28026C6218300AD30C0 /* FinanceListTests.xctest */,
				D0A3B28B26C6218300AD30C0 /* FinanceListUITests.xctest */,
			);
			name = Products;
			sourceTree = "<group>";
		};
		D0A3B26C26C6218200AD30C0 /* FinanceList */ = {
			isa = PBXGroup;
			children = (
				D0388B3C26C84EC300DA2DDC /* Extensions */,
				D0A3B2A326C6282300AD30C0 /* Utilities */,
				D0A3B2A226C627D900AD30C0 /* ViewControllers */,
				D0A3B2A126C627BB00AD30C0 /* Models */,
				D0A3B26D26C6218200AD30C0 /* AppDelegate.swift */,
				D0A3B26F26C6218200AD30C0 /* SceneDelegate.swift */,
				D0A3B27626C6218300AD30C0 /* Assets.xcassets */,
				D0388B3D26C84F8400DA2DDC /* Colors.xcassets */,
				D0A3B27826C6218300AD30C0 /* LaunchScreen.storyboard */,
				D0A3B27B26C6218300AD30C0 /* Info.plist */,
			);
			path = FinanceList;
			sourceTree = "<group>";
		};
		D0A3B28326C6218300AD30C0 /* FinanceListTests */ = {
			isa = PBXGroup;
			children = (
				D0A3B28426C6218300AD30C0 /* FinanceListTests.swift */,
				D0A3B28626C6218300AD30C0 /* Info.plist */,
			);
			path = FinanceListTests;
			sourceTree = "<group>";
		};
		D0A3B28E26C6218300AD30C0 /* FinanceListUITests */ = {
			isa = PBXGroup;
			children = (
				D0A3B28F26C6218300AD30C0 /* FinanceListUITests.swift */,
				D0A3B29126C6218300AD30C0 /* Info.plist */,
			);
			path = FinanceListUITests;
			sourceTree = "<group>";
		};
		D0A3B2A126C627BB00AD30C0 /* Models */ = {
			isa = PBXGroup;
			children = (
				D0A3B29F26C626D300AD30C0 /* Transaction.swift */,
				D0388B3F26C860C500DA2DDC /* Memo.swift */,
			);
			path = Models;
			sourceTree = "<group>";
		};
		D0A3B2A226C627D900AD30C0 /* ViewControllers */ = {
			isa = PBXGroup;
			children = (
				D0A3B29D26C6233300AD30C0 /* TransactionListViewController.swift */,
				D0A3B2A626C62A5A00AD30C0 /* TransactionTableViewCell.swift */,
				D02D3F9326C64FC2003EBF79 /* TransactionDetailsViewController.swift */,
				D02D3F9926C663BB003EBF79 /* SortHeaderView.swift */,
				D0388B3426C779A200DA2DDC /* MemoTableViewCell.swift */,
				D0388B3626C779DC00DA2DDC /* ImageTableViewCell.swift */,
			);
			path = ViewControllers;
			sourceTree = "<group>";
		};
		D0A3B2A326C6282300AD30C0 /* Utilities */ = {
			isa = PBXGroup;
			children = (
				D0A3B2A426C6284300AD30C0 /* DataRequestManager.swift */,
				D02D3F9F26C74D29003EBF79 /* Theme.swift */,
				D0388B3826C77A2500DA2DDC /* DateUtils.swift */,
				D0388B3A26C77D6800DA2DDC /* CurrencyUtils.swift */,
			);
			path = Utilities;
			sourceTree = "<group>";
		};
/* End PBXGroup section */

/* Begin PBXNativeTarget section */
		D0A3B26926C6218200AD30C0 /* FinanceList */ = {
			isa = PBXNativeTarget;
			buildConfigurationList = D0A3B29426C6218300AD30C0 /* Build configuration list for PBXNativeTarget "FinanceList" */;
			buildPhases = (
				D0A3B26626C6218200AD30C0 /* Sources */,
				D0A3B26726C6218200AD30C0 /* Frameworks */,
				D0A3B26826C6218200AD30C0 /* Resources */,
			);
			buildRules = (
			);
			dependencies = (
			);
			name = FinanceList;
			productName = FinanceList;
			productReference = D0A3B26A26C6218200AD30C0 /* FinanceList.app */;
			productType = "com.apple.product-type.application";
		};
		D0A3B27F26C6218300AD30C0 /* FinanceListTests */ = {
			isa = PBXNativeTarget;
			buildConfigurationList = D0A3B29726C6218300AD30C0 /* Build configuration list for PBXNativeTarget "FinanceListTests" */;
			buildPhases = (
				D0A3B27C26C6218300AD30C0 /* Sources */,
				D0A3B27D26C6218300AD30C0 /* Frameworks */,
				D0A3B27E26C6218300AD30C0 /* Resources */,
			);
			buildRules = (
			);
			dependencies = (
				D0A3B28226C6218300AD30C0 /* PBXTargetDependency */,
			);
			name = FinanceListTests;
			productName = FinanceListTests;
			productReference = D0A3B28026C6218300AD30C0 /* FinanceListTests.xctest */;
			productType = "com.apple.product-type.bundle.unit-test";
		};
		D0A3B28A26C6218300AD30C0 /* FinanceListUITests */ = {
			isa = PBXNativeTarget;
			buildConfigurationList = D0A3B29A26C6218300AD30C0 /* Build configuration list for PBXNativeTarget "FinanceListUITests" */;
			buildPhases = (
				D0A3B28726C6218300AD30C0 /* Sources */,
				D0A3B28826C6218300AD30C0 /* Frameworks */,
				D0A3B28926C6218300AD30C0 /* Resources */,
			);
			buildRules = (
			);
			dependencies = (
				D0A3B28D26C6218300AD30C0 /* PBXTargetDependency */,
			);
			name = FinanceListUITests;
			productName = FinanceListUITests;
			productReference = D0A3B28B26C6218300AD30C0 /* FinanceListUITests.xctest */;
			productType = "com.apple.product-type.bundle.ui-testing";
		};
/* End PBXNativeTarget section */

/* Begin PBXProject section */
		D0A3B26226C6218200AD30C0 /* Project object */ = {
			isa = PBXProject;
			attributes = {
				LastSwiftUpdateCheck = 1250;
				LastUpgradeCheck = 1250;
				TargetAttributes = {
					D0A3B26926C6218200AD30C0 = {
						CreatedOnToolsVersion = 12.5.1;
					};
					D0A3B27F26C6218300AD30C0 = {
						CreatedOnToolsVersion = 12.5.1;
						TestTargetID = D0A3B26926C6218200AD30C0;
					};
					D0A3B28A26C6218300AD30C0 = {
						CreatedOnToolsVersion = 12.5.1;
						TestTargetID = D0A3B26926C6218200AD30C0;
					};
				};
			};
			buildConfigurationList = D0A3B26526C6218200AD30C0 /* Build configuration list for PBXProject "FinanceList" */;
			compatibilityVersion = "Xcode 9.3";
			developmentRegion = en;
			hasScannedForEncodings = 0;
			knownRegions = (
				en,
				Base,
			);
			mainGroup = D0A3B26126C6218200AD30C0;
			productRefGroup = D0A3B26B26C6218200AD30C0 /* Products */;
			projectDirPath = "";
			projectRoot = "";
			targets = (
				D0A3B26926C6218200AD30C0 /* FinanceList */,
				D0A3B27F26C6218300AD30C0 /* FinanceListTests */,
				D0A3B28A26C6218300AD30C0 /* FinanceListUITests */,
			);
		};
/* End PBXProject section */

/* Begin PBXResourcesBuildPhase section */
		D0A3B26826C6218200AD30C0 /* Resources */ = {
			isa = PBXResourcesBuildPhase;
			buildActionMask = 2147483647;
			files = (
				D0388B3E26C84F8400DA2DDC /* Colors.xcassets in Resources */,
				D0A3B27A26C6218300AD30C0 /* LaunchScreen.storyboard in Resources */,
				D0A3B27726C6218300AD30C0 /* Assets.xcassets in Resources */,
			);
			runOnlyForDeploymentPostprocessing = 0;
		};
		D0A3B27E26C6218300AD30C0 /* Resources */ = {
			isa = PBXResourcesBuildPhase;
			buildActionMask = 2147483647;
			files = (
			);
			runOnlyForDeploymentPostprocessing = 0;
		};
		D0A3B28926C6218300AD30C0 /* Resources */ = {
			isa = PBXResourcesBuildPhase;
			buildActionMask = 2147483647;
			files = (
			);
			runOnlyForDeploymentPostprocessing = 0;
		};
/* End PBXResourcesBuildPhase section */

/* Begin PBXSourcesBuildPhase section */
		D0A3B26626C6218200AD30C0 /* Sources */ = {
			isa = PBXSourcesBuildPhase;
			buildActionMask = 2147483647;
			files = (
				D0A3B26E26C6218200AD30C0 /* AppDelegate.swift in Sources */,
				D0388B3526C779A200DA2DDC /* MemoTableViewCell.swift in Sources */,
				D0A3B2A926C62E9500AD30C0 /* String+Extensions.swift in Sources */,
				D0A3B29E26C6233300AD30C0 /* TransactionListViewController.swift in Sources */,
				D02D3F9826C657B8003EBF79 /* UIImageView+Extensions.swift in Sources */,
				D0A3B2A026C626D300AD30C0 /* Transaction.swift in Sources */,
				D02D3F9426C64FC2003EBF79 /* TransactionDetailsViewController.swift in Sources */,
				D0388B3726C779DC00DA2DDC /* ImageTableViewCell.swift in Sources */,
				D0A3B27026C6218200AD30C0 /* SceneDelegate.swift in Sources */,
				D02D3F9A26C663BB003EBF79 /* SortHeaderView.swift in Sources */,
				D0388B4026C860C600DA2DDC /* Memo.swift in Sources */,
				D0388B3B26C77D6800DA2DDC /* CurrencyUtils.swift in Sources */,
				D0388B3926C77A2500DA2DDC /* DateUtils.swift in Sources */,
				D0A3B2A726C62A5A00AD30C0 /* TransactionTableViewCell.swift in Sources */,
				D02D3FA026C74D29003EBF79 /* Theme.swift in Sources */,
				D0A3B2A526C6284300AD30C0 /* DataRequestManager.swift in Sources */,
				D02D3F9E26C73EEF003EBF79 /* UITextView+Extensions.swift in Sources */,
			);
			runOnlyForDeploymentPostprocessing = 0;
		};
		D0A3B27C26C6218300AD30C0 /* Sources */ = {
			isa = PBXSourcesBuildPhase;
			buildActionMask = 2147483647;
			files = (
				D0A3B28526C6218300AD30C0 /* FinanceListTests.swift in Sources */,
			);
			runOnlyForDeploymentPostprocessing = 0;
		};
		D0A3B28726C6218300AD30C0 /* Sources */ = {
			isa = PBXSourcesBuildPhase;
			buildActionMask = 2147483647;
			files = (
				D0A3B29026C6218300AD30C0 /* FinanceListUITests.swift in Sources */,
			);
			runOnlyForDeploymentPostprocessing = 0;
		};
/* End PBXSourcesBuildPhase section */

/* Begin PBXTargetDependency section */
		D0A3B28226C6218300AD30C0 /* PBXTargetDependency */ = {
			isa = PBXTargetDependency;
			target = D0A3B26926C6218200AD30C0 /* FinanceList */;
			targetProxy = D0A3B28126C6218300AD30C0 /* PBXContainerItemProxy */;
		};
		D0A3B28D26C6218300AD30C0 /* PBXTargetDependency */ = {
			isa = PBXTargetDependency;
			target = D0A3B26926C6218200AD30C0 /* FinanceList */;
			targetProxy = D0A3B28C26C6218300AD30C0 /* PBXContainerItemProxy */;
		};
/* End PBXTargetDependency section */

/* Begin PBXVariantGroup section */
		D0A3B27826C6218300AD30C0 /* LaunchScreen.storyboard */ = {
			isa = PBXVariantGroup;
			children = (
				D0A3B27926C6218300AD30C0 /* Base */,
			);
			name = LaunchScreen.storyboard;
			sourceTree = "<group>";
		};
/* End PBXVariantGroup section */

/* Begin XCBuildConfiguration section */
		D0A3B29226C6218300AD30C0 /* Debug */ = {
			isa = XCBuildConfiguration;
			buildSettings = {
				ALWAYS_SEARCH_USER_PATHS = NO;
				CLANG_ANALYZER_NONNULL = YES;
				CLANG_ANALYZER_NUMBER_OBJECT_CONVERSION = YES_AGGRESSIVE;
				CLANG_CXX_LANGUAGE_STANDARD = "gnu++14";
				CLANG_CXX_LIBRARY = "libc++";
				CLANG_ENABLE_MODULES = YES;
				CLANG_ENABLE_OBJC_ARC = YES;
				CLANG_ENABLE_OBJC_WEAK = YES;
				CLANG_WARN_BLOCK_CAPTURE_AUTORELEASING = YES;
				CLANG_WARN_BOOL_CONVERSION = YES;
				CLANG_WARN_COMMA = YES;
				CLANG_WARN_CONSTANT_CONVERSION = YES;
				CLANG_WARN_DEPRECATED_OBJC_IMPLEMENTATIONS = YES;
				CLANG_WARN_DIRECT_OBJC_ISA_USAGE = YES_ERROR;
				CLANG_WARN_DOCUMENTATION_COMMENTS = YES;
				CLANG_WARN_EMPTY_BODY = YES;
				CLANG_WARN_ENUM_CONVERSION = YES;
				CLANG_WARN_INFINITE_RECURSION = YES;
				CLANG_WARN_INT_CONVERSION = YES;
				CLANG_WARN_NON_LITERAL_NULL_CONVERSION = YES;
				CLANG_WARN_OBJC_IMPLICIT_RETAIN_SELF = YES;
				CLANG_WARN_OBJC_LITERAL_CONVERSION = YES;
				CLANG_WARN_OBJC_ROOT_CLASS = YES_ERROR;
				CLANG_WARN_QUOTED_INCLUDE_IN_FRAMEWORK_HEADER = YES;
				CLANG_WARN_RANGE_LOOP_ANALYSIS = YES;
				CLANG_WARN_STRICT_PROTOTYPES = YES;
				CLANG_WARN_SUSPICIOUS_MOVE = YES;
				CLANG_WARN_UNGUARDED_AVAILABILITY = YES_AGGRESSIVE;
				CLANG_WARN_UNREACHABLE_CODE = YES;
				CLANG_WARN__DUPLICATE_METHOD_MATCH = YES;
				COPY_PHASE_STRIP = NO;
				DEBUG_INFORMATION_FORMAT = dwarf;
				ENABLE_STRICT_OBJC_MSGSEND = YES;
				ENABLE_TESTABILITY = YES;
				GCC_C_LANGUAGE_STANDARD = gnu11;
				GCC_DYNAMIC_NO_PIC = NO;
				GCC_NO_COMMON_BLOCKS = YES;
				GCC_OPTIMIZATION_LEVEL = 0;
				GCC_PREPROCESSOR_DEFINITIONS = (
					"DEBUG=1",
					"$(inherited)",
				);
				GCC_WARN_64_TO_32_BIT_CONVERSION = YES;
				GCC_WARN_ABOUT_RETURN_TYPE = YES_ERROR;
				GCC_WARN_UNDECLARED_SELECTOR = YES;
				GCC_WARN_UNINITIALIZED_AUTOS = YES_AGGRESSIVE;
				GCC_WARN_UNUSED_FUNCTION = YES;
				GCC_WARN_UNUSED_VARIABLE = YES;
				IPHONEOS_DEPLOYMENT_TARGET = 14.5;
				MTL_ENABLE_DEBUG_INFO = INCLUDE_SOURCE;
				MTL_FAST_MATH = YES;
				ONLY_ACTIVE_ARCH = YES;
				SDKROOT = iphoneos;
				SWIFT_ACTIVE_COMPILATION_CONDITIONS = DEBUG;
				SWIFT_OPTIMIZATION_LEVEL = "-Onone";
			};
			name = Debug;
		};
		D0A3B29326C6218300AD30C0 /* Release */ = {
			isa = XCBuildConfiguration;
			buildSettings = {
				ALWAYS_SEARCH_USER_PATHS = NO;
				CLANG_ANALYZER_NONNULL = YES;
				CLANG_ANALYZER_NUMBER_OBJECT_CONVERSION = YES_AGGRESSIVE;
				CLANG_CXX_LANGUAGE_STANDARD = "gnu++14";
				CLANG_CXX_LIBRARY = "libc++";
				CLANG_ENABLE_MODULES = YES;
				CLANG_ENABLE_OBJC_ARC = YES;
				CLANG_ENABLE_OBJC_WEAK = YES;
				CLANG_WARN_BLOCK_CAPTURE_AUTORELEASING = YES;
				CLANG_WARN_BOOL_CONVERSION = YES;
				CLANG_WARN_COMMA = YES;
				CLANG_WARN_CONSTANT_CONVERSION = YES;
				CLANG_WARN_DEPRECATED_OBJC_IMPLEMENTATIONS = YES;
				CLANG_WARN_DIRECT_OBJC_ISA_USAGE = YES_ERROR;
				CLANG_WARN_DOCUMENTATION_COMMENTS = YES;
				CLANG_WARN_EMPTY_BODY = YES;
				CLANG_WARN_ENUM_CONVERSION = YES;
				CLANG_WARN_INFINITE_RECURSION = YES;
				CLANG_WARN_INT_CONVERSION = YES;
				CLANG_WARN_NON_LITERAL_NULL_CONVERSION = YES;
				CLANG_WARN_OBJC_IMPLICIT_RETAIN_SELF = YES;
				CLANG_WARN_OBJC_LITERAL_CONVERSION = YES;
				CLANG_WARN_OBJC_ROOT_CLASS = YES_ERROR;
				CLANG_WARN_QUOTED_INCLUDE_IN_FRAMEWORK_HEADER = YES;
				CLANG_WARN_RANGE_LOOP_ANALYSIS = YES;
				CLANG_WARN_STRICT_PROTOTYPES = YES;
				CLANG_WARN_SUSPICIOUS_MOVE = YES;
				CLANG_WARN_UNGUARDED_AVAILABILITY = YES_AGGRESSIVE;
				CLANG_WARN_UNREACHABLE_CODE = YES;
				CLANG_WARN__DUPLICATE_METHOD_MATCH = YES;
				COPY_PHASE_STRIP = NO;
				DEBUG_INFORMATION_FORMAT = "dwarf-with-dsym";
				ENABLE_NS_ASSERTIONS = NO;
				ENABLE_STRICT_OBJC_MSGSEND = YES;
				GCC_C_LANGUAGE_STANDARD = gnu11;
				GCC_NO_COMMON_BLOCKS = YES;
				GCC_WARN_64_TO_32_BIT_CONVERSION = YES;
				GCC_WARN_ABOUT_RETURN_TYPE = YES_ERROR;
				GCC_WARN_UNDECLARED_SELECTOR = YES;
				GCC_WARN_UNINITIALIZED_AUTOS = YES_AGGRESSIVE;
				GCC_WARN_UNUSED_FUNCTION = YES;
				GCC_WARN_UNUSED_VARIABLE = YES;
				IPHONEOS_DEPLOYMENT_TARGET = 14.5;
				MTL_ENABLE_DEBUG_INFO = NO;
				MTL_FAST_MATH = YES;
				SDKROOT = iphoneos;
				SWIFT_COMPILATION_MODE = wholemodule;
				SWIFT_OPTIMIZATION_LEVEL = "-O";
				VALIDATE_PRODUCT = YES;
			};
			name = Release;
		};
		D0A3B29526C6218300AD30C0 /* Debug */ = {
			isa = XCBuildConfiguration;
			buildSettings = {
				ASSETCATALOG_COMPILER_APPICON_NAME = AppIcon;
				ASSETCATALOG_COMPILER_GLOBAL_ACCENT_COLOR_NAME = AccentColor;
				CODE_SIGN_STYLE = Automatic;
				DEVELOPMENT_TEAM = G4K5AVZ7A9;
				INFOPLIST_FILE = FinanceList/Info.plist;
				LD_RUNPATH_SEARCH_PATHS = (
					"$(inherited)",
					"@executable_path/Frameworks",
				);
				PRODUCT_BUNDLE_IDENTIFIER = com.byron.team.FinanceList;
				PRODUCT_NAME = "$(TARGET_NAME)";
				SWIFT_VERSION = 5.0;
				TARGETED_DEVICE_FAMILY = "1,2";
			};
			name = Debug;
		};
		D0A3B29626C6218300AD30C0 /* Release */ = {
			isa = XCBuildConfiguration;
			buildSettings = {
				ASSETCATALOG_COMPILER_APPICON_NAME = AppIcon;
				ASSETCATALOG_COMPILER_GLOBAL_ACCENT_COLOR_NAME = AccentColor;
				CODE_SIGN_STYLE = Automatic;
				DEVELOPMENT_TEAM = G4K5AVZ7A9;
				INFOPLIST_FILE = FinanceList/Info.plist;
				LD_RUNPATH_SEARCH_PATHS = (
					"$(inherited)",
					"@executable_path/Frameworks",
				);
				PRODUCT_BUNDLE_IDENTIFIER = com.byron.team.FinanceList;
				PRODUCT_NAME = "$(TARGET_NAME)";
				SWIFT_VERSION = 5.0;
				TARGETED_DEVICE_FAMILY = "1,2";
			};
			name = Release;
		};
		D0A3B29826C6218300AD30C0 /* Debug */ = {
			isa = XCBuildConfiguration;
			buildSettings = {
				ALWAYS_EMBED_SWIFT_STANDARD_LIBRARIES = YES;
				BUNDLE_LOADER = "$(TEST_HOST)";
				CODE_SIGN_STYLE = Automatic;
				DEVELOPMENT_TEAM = G4K5AVZ7A9;
				INFOPLIST_FILE = FinanceListTests/Info.plist;
				IPHONEOS_DEPLOYMENT_TARGET = 14.5;
				LD_RUNPATH_SEARCH_PATHS = (
					"$(inherited)",
					"@executable_path/Frameworks",
					"@loader_path/Frameworks",
				);
				PRODUCT_BUNDLE_IDENTIFIER = com.byron.team.FinanceListTests;
				PRODUCT_NAME = "$(TARGET_NAME)";
				SWIFT_VERSION = 5.0;
				TARGETED_DEVICE_FAMILY = "1,2";
				TEST_HOST = "$(BUILT_PRODUCTS_DIR)/FinanceList.app/FinanceList";
			};
			name = Debug;
		};
		D0A3B29926C6218300AD30C0 /* Release */ = {
			isa = XCBuildConfiguration;
			buildSettings = {
				ALWAYS_EMBED_SWIFT_STANDARD_LIBRARIES = YES;
				BUNDLE_LOADER = "$(TEST_HOST)";
				CODE_SIGN_STYLE = Automatic;
				DEVELOPMENT_TEAM = G4K5AVZ7A9;
				INFOPLIST_FILE = FinanceListTests/Info.plist;
				IPHONEOS_DEPLOYMENT_TARGET = 14.5;
				LD_RUNPATH_SEARCH_PATHS = (
					"$(inherited)",
					"@executable_path/Frameworks",
					"@loader_path/Frameworks",
				);
				PRODUCT_BUNDLE_IDENTIFIER = com.byron.team.FinanceListTests;
				PRODUCT_NAME = "$(TARGET_NAME)";
				SWIFT_VERSION = 5.0;
				TARGETED_DEVICE_FAMILY = "1,2";
				TEST_HOST = "$(BUILT_PRODUCTS_DIR)/FinanceList.app/FinanceList";
			};
			name = Release;
		};
		D0A3B29B26C6218300AD30C0 /* Debug */ = {
			isa = XCBuildConfiguration;
			buildSettings = {
				ALWAYS_EMBED_SWIFT_STANDARD_LIBRARIES = YES;
				CODE_SIGN_STYLE = Automatic;
				DEVELOPMENT_TEAM = G4K5AVZ7A9;
				INFOPLIST_FILE = FinanceListUITests/Info.plist;
				LD_RUNPATH_SEARCH_PATHS = (
					"$(inherited)",
					"@executable_path/Frameworks",
					"@loader_path/Frameworks",
				);
				PRODUCT_BUNDLE_IDENTIFIER = com.byron.team.FinanceListUITests;
				PRODUCT_NAME = "$(TARGET_NAME)";
				SWIFT_VERSION = 5.0;
				TARGETED_DEVICE_FAMILY = "1,2";
				TEST_TARGET_NAME = FinanceList;
			};
			name = Debug;
		};
		D0A3B29C26C6218300AD30C0 /* Release */ = {
			isa = XCBuildConfiguration;
			buildSettings = {
				ALWAYS_EMBED_SWIFT_STANDARD_LIBRARIES = YES;
				CODE_SIGN_STYLE = Automatic;
				DEVELOPMENT_TEAM = G4K5AVZ7A9;
				INFOPLIST_FILE = FinanceListUITests/Info.plist;
				LD_RUNPATH_SEARCH_PATHS = (
					"$(inherited)",
					"@executable_path/Frameworks",
					"@loader_path/Frameworks",
				);
				PRODUCT_BUNDLE_IDENTIFIER = com.byron.team.FinanceListUITests;
				PRODUCT_NAME = "$(TARGET_NAME)";
				SWIFT_VERSION = 5.0;
				TARGETED_DEVICE_FAMILY = "1,2";
				TEST_TARGET_NAME = FinanceList;
			};
			name = Release;
		};
/* End XCBuildConfiguration section */

/* Begin XCConfigurationList section */
		D0A3B26526C6218200AD30C0 /* Build configuration list for PBXProject "FinanceList" */ = {
			isa = XCConfigurationList;
			buildConfigurations = (
				D0A3B29226C6218300AD30C0 /* Debug */,
				D0A3B29326C6218300AD30C0 /* Release */,
			);
			defaultConfigurationIsVisible = 0;
			defaultConfigurationName = Release;
		};
		D0A3B29426C6218300AD30C0 /* Build configuration list for PBXNativeTarget "FinanceList" */ = {
			isa = XCConfigurationList;
			buildConfigurations = (
				D0A3B29526C6218300AD30C0 /* Debug */,
				D0A3B29626C6218300AD30C0 /* Release */,
			);
			defaultConfigurationIsVisible = 0;
			defaultConfigurationName = Release;
		};
		D0A3B29726C6218300AD30C0 /* Build configuration list for PBXNativeTarget "FinanceListTests" */ = {
			isa = XCConfigurationList;
			buildConfigurations = (
				D0A3B29826C6218300AD30C0 /* Debug */,
				D0A3B29926C6218300AD30C0 /* Release */,
			);
			defaultConfigurationIsVisible = 0;
			defaultConfigurationName = Release;
		};
		D0A3B29A26C6218300AD30C0 /* Build configuration list for PBXNativeTarget "FinanceListUITests" */ = {
			isa = XCConfigurationList;
			buildConfigurations = (
				D0A3B29B26C6218300AD30C0 /* Debug */,
				D0A3B29C26C6218300AD30C0 /* Release */,
			);
			defaultConfigurationIsVisible = 0;
			defaultConfigurationName = Release;
		};
/* End XCConfigurationList section */
	};
	rootObject = D0A3B26226C6218200AD30C0 /* Project object */;
}
